
Microsoft Visual Studio Solution File, Format Version 12.00
# Visual Studio Version 17
VisualStudioVersion = 17.1.32319.34
MinimumVisualStudioVersion = 10.0.40219.1
Project("{FAE04EC0-301F-11D3-BF4B-00C04F79EFBC}") = "BlazorMovies.Server", "BlazorMovies\Server\BlazorMovies.Server.csproj", "{A73E36C1-E5D3-4F85-A19F-771971D95127}"
EndProject
Project("{FAE04EC0-301F-11D3-BF4B-00C04F79EFBC}") = "BlazorMovies.Client", "BlazorMovies\Client\BlazorMovies.Client.csproj", "{05A7E2A1-2FA3-49E4-BC72-E60954EAE26C}"
EndProject
Project("{FAE04EC0-301F-11D3-BF4B-00C04F79EFBC}") = "BlazorMovies.Shared", "BlazorMovies\Shared\BlazorMovies.Shared.csproj", "{2BBDBD37-EFEA-40A5-BF6F-444B103307A6}"
EndProject
Global
	GlobalSection(SolutionConfigurationPlatforms) = preSolution
		Debug|Any CPU = Debug|Any CPU
		Release|Any CPU = Release|Any CPU
	EndGlobalSection
	GlobalSection(ProjectConfigurationPlatforms) = postSolution
		{A73E36C1-E5D3-4F85-A19F-771971D95127}.Debug|Any CPU.ActiveCfg = Debug|Any CPU
		{A73E36C1-E5D3-4F85-A19F-771971D95127}.Debug|Any CPU.Build.0 = Debug|Any CPU
		{A73E36C1-E5D3-4F85-A19F-771971D95127}.Release|Any CPU.ActiveCfg = Release|Any CPU
		{A73E36C1-E5D3-4F85-A19F-771971D95127}.Release|Any CPU.Build.0 = Release|Any CPU
		{05A7E2A1-2FA3-49E4-BC72-E60954EAE26C}.Debug|Any CPU.ActiveCfg = Debug|Any CPU
		{05A7E2A1-2FA3-49E4-BC72-E60954EAE26C}.Debug|Any CPU.Build.0 = Debug|Any CPU
		{05A7E2A1-2FA3-49E4-BC72-E60954EAE26C}.Release|Any CPU.ActiveCfg = Release|Any CPU
		{05A7E2A1-2FA3-49E4-BC72-E60954EAE26C}.Release|Any CPU.Build.0 = Release|Any CPU
		{2BBDBD37-EFEA-40A5-BF6F-444B103307A6}.Debug|Any CPU.ActiveCfg = Debug|Any CPU
		{2BBDBD37-EFEA-40A5-BF6F-444B103307A6}.Debug|Any CPU.Build.0 = Debug|Any CPU
		{2BBDBD37-EFEA-40A5-BF6F-444B103307A6}.Release|Any CPU.ActiveCfg = Release|Any CPU
		{2BBDBD37-EFEA-40A5-BF6F-444B103307A6}.Release|Any CPU.Build.0 = Release|Any CPU
	EndGlobalSection
	GlobalSection(SolutionProperties) = preSolution
		HideSolutionNode = FALSE
	EndGlobalSection
	GlobalSection(ExtensibilityGlobals) = postSolution
		SolutionGuid = {F8A95611-85D3-4196-B105-061586417BDB}
	EndGlobalSection
EndGlobal
